// !$*UTF8*$!
{
	archiveVersion = 1;
	classes = {
	};
	objectVersion = 55;
	objects = {

/* Begin PBXBuildFile section */
		3E6E4CE32B90307A006D4CD2 /* AppDelegate.swift in Sources */ = {isa = PBXBuildFile; fileRef = 3E6E4CE22B90307A006D4CD2 /* AppDelegate.swift */; };
		3E6E4CE52B90307A006D4CD2 /* SceneDelegate.swift in Sources */ = {isa = PBXBuildFile; fileRef = 3E6E4CE42B90307A006D4CD2 /* SceneDelegate.swift */; };
		3E6E4CE72B90307A006D4CD2 /* ViewController.swift in Sources */ = {isa = PBXBuildFile; fileRef = 3E6E4CE62B90307A006D4CD2 /* ViewController.swift */; };
		3E6E4CEA2B90307A006D4CD2 /* Main.storyboard in Resources */ = {isa = PBXBuildFile; fileRef = 3E6E4CE82B90307A006D4CD2 /* Main.storyboard */; };
		3E6E4CEC2B90307D006D4CD2 /* Assets.xcassets in Resources */ = {isa = PBXBuildFile; fileRef = 3E6E4CEB2B90307D006D4CD2 /* Assets.xcassets */; };
		3E6E4CEF2B90307D006D4CD2 /* LaunchScreen.storyboard in Resources */ = {isa = PBXBuildFile; fileRef = 3E6E4CED2B90307D006D4CD2 /* LaunchScreen.storyboard */; };
		3E6E4CFA2B90307E006D4CD2 /* SimpleAppTests.swift in Sources */ = {isa = PBXBuildFile; fileRef = 3E6E4CF92B90307E006D4CD2 /* SimpleAppTests.swift */; };
		3E6E4D042B90307E006D4CD2 /* SimpleAppUITests.swift in Sources */ = {isa = PBXBuildFile; fileRef = 3E6E4D032B90307E006D4CD2 /* SimpleAppUITests.swift */; };
		3E6E4D062B90307E006D4CD2 /* SimpleAppUITestsLaunchTests.swift in Sources */ = {isa = PBXBuildFile; fileRef = 3E6E4D052B90307E006D4CD2 /* SimpleAppUITestsLaunchTests.swift */; };
		3E6E4D1B2B9033E0006D4CD2 /* ServiceRequestManager.swift in Sources */ = {isa = PBXBuildFile; fileRef = 3E6E4D1A2B9033E0006D4CD2 /* ServiceRequestManager.swift */; };
		3E6E4D1D2B90368D006D4CD2 /* Cat.swift in Sources */ = {isa = PBXBuildFile; fileRef = 3E6E4D1C2B90368D006D4CD2 /* Cat.swift */; };
		3E6E4D1F2B9037BE006D4CD2 /* RequestError.swift in Sources */ = {isa = PBXBuildFile; fileRef = 3E6E4D1E2B9037BE006D4CD2 /* RequestError.swift */; };
		3E6E4D212B903E9C006D4CD2 /* HttpMethod.swift in Sources */ = {isa = PBXBuildFile; fileRef = 3E6E4D202B903E9C006D4CD2 /* HttpMethod.swift */; };
/* End PBXBuildFile section */

/* Begin PBXContainerItemProxy section */
		3E6E4CF62B90307E006D4CD2 /* PBXContainerItemProxy */ = {
			isa = PBXContainerItemProxy;
			containerPortal = 3E6E4CD72B90307A006D4CD2 /* Project object */;
			proxyType = 1;
			remoteGlobalIDString = 3E6E4CDE2B90307A006D4CD2;
			remoteInfo = SimpleApp;
		};
		3E6E4D002B90307E006D4CD2 /* PBXContainerItemProxy */ = {
			isa = PBXContainerItemProxy;
			containerPortal = 3E6E4CD72B90307A006D4CD2 /* Project object */;
			proxyType = 1;
			remoteGlobalIDString = 3E6E4CDE2B90307A006D4CD2;
			remoteInfo = SimpleApp;
		};
/* End PBXContainerItemProxy section */

/* Begin PBXFileReference section */
		3E6E4CDF2B90307A006D4CD2 /* SimpleApp.app */ = {isa = PBXFileReference; explicitFileType = wrapper.application; includeInIndex = 0; path = SimpleApp.app; sourceTree = BUILT_PRODUCTS_DIR; };
		3E6E4CE22B90307A006D4CD2 /* AppDelegate.swift */ = {isa = PBXFileReference; lastKnownFileType = sourcecode.swift; path = AppDelegate.swift; sourceTree = "<group>"; };
		3E6E4CE42B90307A006D4CD2 /* SceneDelegate.swift */ = {isa = PBXFileReference; lastKnownFileType = sourcecode.swift; path = SceneDelegate.swift; sourceTree = "<group>"; };
		3E6E4CE62B90307A006D4CD2 /* ViewController.swift */ = {isa = PBXFileReference; lastKnownFileType = sourcecode.swift; path = ViewController.swift; sourceTree = "<group>"; };
		3E6E4CE92B90307A006D4CD2 /* Base */ = {isa = PBXFileReference; lastKnownFileType = file.storyboard; name = Base; path = Base.lproj/Main.storyboard; sourceTree = "<group>"; };
		3E6E4CEB2B90307D006D4CD2 /* Assets.xcassets */ = {isa = PBXFileReference; lastKnownFileType = folder.assetcatalog; path = Assets.xcassets; sourceTree = "<group>"; };
		3E6E4CEE2B90307D006D4CD2 /* Base */ = {isa = PBXFileReference; lastKnownFileType = file.storyboard; name = Base; path = Base.lproj/LaunchScreen.storyboard; sourceTree = "<group>"; };
		3E6E4CF02B90307D006D4CD2 /* Info.plist */ = {isa = PBXFileReference; lastKnownFileType = text.plist.xml; path = Info.plist; sourceTree = "<group>"; };
		3E6E4CF52B90307E006D4CD2 /* SimpleAppTests.xctest */ = {isa = PBXFileReference; explicitFileType = wrapper.cfbundle; includeInIndex = 0; path = SimpleAppTests.xctest; sourceTree = BUILT_PRODUCTS_DIR; };
		3E6E4CF92B90307E006D4CD2 /* SimpleAppTests.swift */ = {isa = PBXFileReference; lastKnownFileType = sourcecode.swift; path = SimpleAppTests.swift; sourceTree = "<group>"; };
		3E6E4CFF2B90307E006D4CD2 /* SimpleAppUITests.xctest */ = {isa = PBXFileReference; explicitFileType = wrapper.cfbundle; includeInIndex = 0; path = SimpleAppUITests.xctest; sourceTree = BUILT_PRODUCTS_DIR; };
		3E6E4D032B90307E006D4CD2 /* SimpleAppUITests.swift */ = {isa = PBXFileReference; lastKnownFileType = sourcecode.swift; path = SimpleAppUITests.swift; sourceTree = "<group>"; };
		3E6E4D052B90307E006D4CD2 /* SimpleAppUITestsLaunchTests.swift */ = {isa = PBXFileReference; lastKnownFileType = sourcecode.swift; path = SimpleAppUITestsLaunchTests.swift; sourceTree = "<group>"; };
		3E6E4D1A2B9033E0006D4CD2 /* ServiceRequestManager.swift */ = {isa = PBXFileReference; lastKnownFileType = sourcecode.swift; path = ServiceRequestManager.swift; sourceTree = "<group>"; };
		3E6E4D1C2B90368D006D4CD2 /* Cat.swift */ = {isa = PBXFileReference; lastKnownFileType = sourcecode.swift; path = Cat.swift; sourceTree = "<group>"; };
		3E6E4D1E2B9037BE006D4CD2 /* RequestError.swift */ = {isa = PBXFileReference; lastKnownFileType = sourcecode.swift; path = RequestError.swift; sourceTree = "<group>"; };
		3E6E4D202B903E9C006D4CD2 /* HttpMethod.swift */ = {isa = PBXFileReference; lastKnownFileType = sourcecode.swift; path = HttpMethod.swift; sourceTree = "<group>"; };
/* End PBXFileReference section */

/* Begin PBXFrameworksBuildPhase section */
		3E6E4CDC2B90307A006D4CD2 /* Frameworks */ = {
			isa = PBXFrameworksBuildPhase;
			buildActionMask = 2147483647;
			files = (
			);
			runOnlyForDeploymentPostprocessing = 0;
		};
		3E6E4CF22B90307E006D4CD2 /* Frameworks */ = {
			isa = PBXFrameworksBuildPhase;
			buildActionMask = 2147483647;
			files = (
			);
			runOnlyForDeploymentPostprocessing = 0;
		};
		3E6E4CFC2B90307E006D4CD2 /* Frameworks */ = {
			isa = PBXFrameworksBuildPhase;
			buildActionMask = 2147483647;
			files = (
			);
			runOnlyForDeploymentPostprocessing = 0;
		};
/* End PBXFrameworksBuildPhase section */

/* Begin PBXGroup section */
		3E6E4CD62B90307A006D4CD2 = {
			isa = PBXGroup;
			children = (
				3E6E4CE12B90307A006D4CD2 /* SimpleApp */,
				3E6E4CF82B90307E006D4CD2 /* SimpleAppTests */,
				3E6E4D022B90307E006D4CD2 /* SimpleAppUITests */,
				3E6E4CE02B90307A006D4CD2 /* Products */,
			);
			sourceTree = "<group>";
		};
		3E6E4CE02B90307A006D4CD2 /* Products */ = {
			isa = PBXGroup;
			children = (
				3E6E4CDF2B90307A006D4CD2 /* SimpleApp.app */,
				3E6E4CF52B90307E006D4CD2 /* SimpleAppTests.xctest */,
				3E6E4CFF2B90307E006D4CD2 /* SimpleAppUITests.xctest */,
			);
			name = Products;
			sourceTree = "<group>";
		};
		3E6E4CE12B90307A006D4CD2 /* SimpleApp */ = {
			isa = PBXGroup;
			children = (
				3E6E4D172B903376006D4CD2 /* Core */,
				3E6E4D162B903357006D4CD2 /* Utils */,
				3E6E4D152B90334E006D4CD2 /* Services */,
				3E6E4D142B903346006D4CD2 /* ViewModels */,
				3E6E4D132B903340006D4CD2 /* Views */,
				3E6E4D122B903338006D4CD2 /* Models */,
				3E6E4CE82B90307A006D4CD2 /* Main.storyboard */,
				3E6E4CEB2B90307D006D4CD2 /* Assets.xcassets */,
				3E6E4CED2B90307D006D4CD2 /* LaunchScreen.storyboard */,
				3E6E4CF02B90307D006D4CD2 /* Info.plist */,
			);
			path = SimpleApp;
			sourceTree = "<group>";
		};
		3E6E4CF82B90307E006D4CD2 /* SimpleAppTests */ = {
			isa = PBXGroup;
			children = (
				3E6E4CF92B90307E006D4CD2 /* SimpleAppTests.swift */,
			);
			path = SimpleAppTests;
			sourceTree = "<group>";
		};
		3E6E4D022B90307E006D4CD2 /* SimpleAppUITests */ = {
			isa = PBXGroup;
			children = (
				3E6E4D032B90307E006D4CD2 /* SimpleAppUITests.swift */,
				3E6E4D052B90307E006D4CD2 /* SimpleAppUITestsLaunchTests.swift */,
			);
			path = SimpleAppUITests;
			sourceTree = "<group>";
		};
		3E6E4D122B903338006D4CD2 /* Models */ = {
			isa = PBXGroup;
			children = (
				3E6E4D1C2B90368D006D4CD2 /* Cat.swift */,
			);
			path = Models;
			sourceTree = "<group>";
		};
		3E6E4D132B903340006D4CD2 /* Views */ = {
			isa = PBXGroup;
			children = (
				3E6E4D192B903389006D4CD2 /* ViewControllers */,
				3E6E4D182B903382006D4CD2 /* Components */,
			);
			path = Views;
			sourceTree = "<group>";
		};
		3E6E4D142B903346006D4CD2 /* ViewModels */ = {
			isa = PBXGroup;
			children = (
			);
			path = ViewModels;
			sourceTree = "<group>";
		};
		3E6E4D152B90334E006D4CD2 /* Services */ = {
			isa = PBXGroup;
			children = (
				3E6E4D1A2B9033E0006D4CD2 /* ServiceRequestManager.swift */,
				3E6E4D1E2B9037BE006D4CD2 /* RequestError.swift */,
				3E6E4D202B903E9C006D4CD2 /* HttpMethod.swift */,
			);
			path = Services;
			sourceTree = "<group>";
		};
		3E6E4D162B903357006D4CD2 /* Utils */ = {
			isa = PBXGroup;
			children = (
			);
			path = Utils;
			sourceTree = "<group>";
		};
		3E6E4D172B903376006D4CD2 /* Core */ = {
			isa = PBXGroup;
			children = (
				3E6E4CE22B90307A006D4CD2 /* AppDelegate.swift */,
				3E6E4CE42B90307A006D4CD2 /* SceneDelegate.swift */,
			);
			path = Core;
			sourceTree = "<group>";
		};
		3E6E4D182B903382006D4CD2 /* Components */ = {
			isa = PBXGroup;
			children = (
			);
			path = Components;
			sourceTree = "<group>";
		};
		3E6E4D192B903389006D4CD2 /* ViewControllers */ = {
			isa = PBXGroup;
			children = (
				3E6E4CE62B90307A006D4CD2 /* ViewController.swift */,
			);
			path = ViewControllers;
			sourceTree = "<group>";
		};
/* End PBXGroup section */

/* Begin PBXNativeTarget section */
		3E6E4CDE2B90307A006D4CD2 /* SimpleApp */ = {
			isa = PBXNativeTarget;
			buildConfigurationList = 3E6E4D092B90307E006D4CD2 /* Build configuration list for PBXNativeTarget "SimpleApp" */;
			buildPhases = (
				3E6E4CDB2B90307A006D4CD2 /* Sources */,
				3E6E4CDC2B90307A006D4CD2 /* Frameworks */,
				3E6E4CDD2B90307A006D4CD2 /* Resources */,
			);
			buildRules = (
			);
			dependencies = (
			);
			name = SimpleApp;
			productName = SimpleApp;
			productReference = 3E6E4CDF2B90307A006D4CD2 /* SimpleApp.app */;
			productType = "com.apple.product-type.application";
		};
		3E6E4CF42B90307E006D4CD2 /* SimpleAppTests */ = {
			isa = PBXNativeTarget;
			buildConfigurationList = 3E6E4D0C2B90307E006D4CD2 /* Build configuration list for PBXNativeTarget "SimpleAppTests" */;
			buildPhases = (
				3E6E4CF12B90307E006D4CD2 /* Sources */,
				3E6E4CF22B90307E006D4CD2 /* Frameworks */,
				3E6E4CF32B90307E006D4CD2 /* Resources */,
			);
			buildRules = (
			);
			dependencies = (
				3E6E4CF72B90307E006D4CD2 /* PBXTargetDependency */,
			);
			name = SimpleAppTests;
			productName = SimpleAppTests;
			productReference = 3E6E4CF52B90307E006D4CD2 /* SimpleAppTests.xctest */;
			productType = "com.apple.product-type.bundle.unit-test";
		};
		3E6E4CFE2B90307E006D4CD2 /* SimpleAppUITests */ = {
			isa = PBXNativeTarget;
			buildConfigurationList = 3E6E4D0F2B90307E006D4CD2 /* Build configuration list for PBXNativeTarget "SimpleAppUITests" */;
			buildPhases = (
				3E6E4CFB2B90307E006D4CD2 /* Sources */,
				3E6E4CFC2B90307E006D4CD2 /* Frameworks */,
				3E6E4CFD2B90307E006D4CD2 /* Resources */,
			);
			buildRules = (
			);
			dependencies = (
				3E6E4D012B90307E006D4CD2 /* PBXTargetDependency */,
			);
			name = SimpleAppUITests;
			productName = SimpleAppUITests;
			productReference = 3E6E4CFF2B90307E006D4CD2 /* SimpleAppUITests.xctest */;
			productType = "com.apple.product-type.bundle.ui-testing";
		};
/* End PBXNativeTarget section */

/* Begin PBXProject section */
		3E6E4CD72B90307A006D4CD2 /* Project object */ = {
			isa = PBXProject;
			attributes = {
				BuildIndependentTargetsInParallel = 1;
				LastSwiftUpdateCheck = 1340;
				LastUpgradeCheck = 1340;
				TargetAttributes = {
					3E6E4CDE2B90307A006D4CD2 = {
						CreatedOnToolsVersion = 13.4.1;
					};
					3E6E4CF42B90307E006D4CD2 = {
						CreatedOnToolsVersion = 13.4.1;
						TestTargetID = 3E6E4CDE2B90307A006D4CD2;
					};
					3E6E4CFE2B90307E006D4CD2 = {
						CreatedOnToolsVersion = 13.4.1;
						TestTargetID = 3E6E4CDE2B90307A006D4CD2;
					};
				};
			};
			buildConfigurationList = 3E6E4CDA2B90307A006D4CD2 /* Build configuration list for PBXProject "SimpleApp" */;
			compatibilityVersion = "Xcode 13.0";
			developmentRegion = en;
			hasScannedForEncodings = 0;
			knownRegions = (
				en,
				Base,
			);
			mainGroup = 3E6E4CD62B90307A006D4CD2;
			productRefGroup = 3E6E4CE02B90307A006D4CD2 /* Products */;
			projectDirPath = "";
			projectRoot = "";
			targets = (
				3E6E4CDE2B90307A006D4CD2 /* SimpleApp */,
				3E6E4CF42B90307E006D4CD2 /* SimpleAppTests */,
				3E6E4CFE2B90307E006D4CD2 /* SimpleAppUITests */,
			);
		};
/* End PBXProject section */

/* Begin PBXResourcesBuildPhase section */
		3E6E4CDD2B90307A006D4CD2 /* Resources */ = {
			isa = PBXResourcesBuildPhase;
			buildActionMask = 2147483647;
			files = (
				3E6E4CEF2B90307D006D4CD2 /* LaunchScreen.storyboard in Resources */,
				3E6E4CEC2B90307D006D4CD2 /* Assets.xcassets in Resources */,
				3E6E4CEA2B90307A006D4CD2 /* Main.storyboard in Resources */,
			);
			runOnlyForDeploymentPostprocessing = 0;
		};
		3E6E4CF32B90307E006D4CD2 /* Resources */ = {
			isa = PBXResourcesBuildPhase;
			buildActionMask = 2147483647;
			files = (
			);
			runOnlyForDeploymentPostprocessing = 0;
		};
		3E6E4CFD2B90307E006D4CD2 /* Resources */ = {
			isa = PBXResourcesBuildPhase;
			buildActionMask = 2147483647;
			files = (
			);
			runOnlyForDeploymentPostprocessing = 0;
		};
/* End PBXResourcesBuildPhase section */

/* Begin PBXSourcesBuildPhase section */
		3E6E4CDB2B90307A006D4CD2 /* Sources */ = {
			isa = PBXSourcesBuildPhase;
			buildActionMask = 2147483647;
			files = (
				3E6E4CE72B90307A006D4CD2 /* ViewController.swift in Sources */,
				3E6E4CE32B90307A006D4CD2 /* AppDelegate.swift in Sources */,
				3E6E4D1F2B9037BE006D4CD2 /* RequestError.swift in Sources */,
				3E6E4D212B903E9C006D4CD2 /* HttpMethod.swift in Sources */,
				3E6E4D1D2B90368D006D4CD2 /* Cat.swift in Sources */,
				3E6E4CE52B90307A006D4CD2 /* SceneDelegate.swift in Sources */,
				3E6E4D1B2B9033E0006D4CD2 /* ServiceRequestManager.swift in Sources */,
			);
			runOnlyForDeploymentPostprocessing = 0;
		};
		3E6E4CF12B90307E006D4CD2 /* Sources */ = {
			isa = PBXSourcesBuildPhase;
			buildActionMask = 2147483647;
			files = (
				3E6E4CFA2B90307E006D4CD2 /* SimpleAppTests.swift in Sources */,
			);
			runOnlyForDeploymentPostprocessing = 0;
		};
		3E6E4CFB2B90307E006D4CD2 /* Sources */ = {
			isa = PBXSourcesBuildPhase;
			buildActionMask = 2147483647;
			files = (
				3E6E4D062B90307E006D4CD2 /* SimpleAppUITestsLaunchTests.swift in Sources */,
				3E6E4D042B90307E006D4CD2 /* SimpleAppUITests.swift in Sources */,
			);
			runOnlyForDeploymentPostprocessing = 0;
		};
/* End PBXSourcesBuildPhase section */

/* Begin PBXTargetDependency section */
		3E6E4CF72B90307E006D4CD2 /* PBXTargetDependency */ = {
			isa = PBXTargetDependency;
			target = 3E6E4CDE2B90307A006D4CD2 /* SimpleApp */;
			targetProxy = 3E6E4CF62B90307E006D4CD2 /* PBXContainerItemProxy */;
		};
		3E6E4D012B90307E006D4CD2 /* PBXTargetDependency */ = {
			isa = PBXTargetDependency;
			target = 3E6E4CDE2B90307A006D4CD2 /* SimpleApp */;
			targetProxy = 3E6E4D002B90307E006D4CD2 /* PBXContainerItemProxy */;
		};
/* End PBXTargetDependency section */

/* Begin PBXVariantGroup section */
		3E6E4CE82B90307A006D4CD2 /* Main.storyboard */ = {
			isa = PBXVariantGroup;
			children = (
				3E6E4CE92B90307A006D4CD2 /* Base */,
			);
			name = Main.storyboard;
			sourceTree = "<group>";
		};
		3E6E4CED2B90307D006D4CD2 /* LaunchScreen.storyboard */ = {
			isa = PBXVariantGroup;
			children = (
				3E6E4CEE2B90307D006D4CD2 /* Base */,
			);
			name = LaunchScreen.storyboard;
			sourceTree = "<group>";
		};
/* End PBXVariantGroup section */

/* Begin XCBuildConfiguration section */
		3E6E4D072B90307E006D4CD2 /* Debug */ = {
			isa = XCBuildConfiguration;
			buildSettings = {
				ALWAYS_SEARCH_USER_PATHS = NO;
				CLANG_ANALYZER_NONNULL = YES;
				CLANG_ANALYZER_NUMBER_OBJECT_CONVERSION = YES_AGGRESSIVE;
				CLANG_CXX_LANGUAGE_STANDARD = "gnu++17";
				CLANG_ENABLE_MODULES = YES;
				CLANG_ENABLE_OBJC_ARC = YES;
				CLANG_ENABLE_OBJC_WEAK = YES;
				CLANG_WARN_BLOCK_CAPTURE_AUTORELEASING = YES;
				CLANG_WARN_BOOL_CONVERSION = YES;
				CLANG_WARN_COMMA = YES;
				CLANG_WARN_CONSTANT_CONVERSION = YES;
				CLANG_WARN_DEPRECATED_OBJC_IMPLEMENTATIONS = YES;
				CLANG_WARN_DIRECT_OBJC_ISA_USAGE = YES_ERROR;
				CLANG_WARN_DOCUMENTATION_COMMENTS = YES;
				CLANG_WARN_EMPTY_BODY = YES;
				CLANG_WARN_ENUM_CONVERSION = YES;
				CLANG_WARN_INFINITE_RECURSION = YES;
				CLANG_WARN_INT_CONVERSION = YES;
				CLANG_WARN_NON_LITERAL_NULL_CONVERSION = YES;
				CLANG_WARN_OBJC_IMPLICIT_RETAIN_SELF = YES;
				CLANG_WARN_OBJC_LITERAL_CONVERSION = YES;
				CLANG_WARN_OBJC_ROOT_CLASS = YES_ERROR;
				CLANG_WARN_QUOTED_INCLUDE_IN_FRAMEWORK_HEADER = YES;
				CLANG_WARN_RANGE_LOOP_ANALYSIS = YES;
				CLANG_WARN_STRICT_PROTOTYPES = YES;
				CLANG_WARN_SUSPICIOUS_MOVE = YES;
				CLANG_WARN_UNGUARDED_AVAILABILITY = YES_AGGRESSIVE;
				CLANG_WARN_UNREACHABLE_CODE = YES;
				CLANG_WARN__DUPLICATE_METHOD_MATCH = YES;
				COPY_PHASE_STRIP = NO;
				DEBUG_INFORMATION_FORMAT = dwarf;
				ENABLE_STRICT_OBJC_MSGSEND = YES;
				ENABLE_TESTABILITY = YES;
				GCC_C_LANGUAGE_STANDARD = gnu11;
				GCC_DYNAMIC_NO_PIC = NO;
				GCC_NO_COMMON_BLOCKS = YES;
				GCC_OPTIMIZATION_LEVEL = 0;
				GCC_PREPROCESSOR_DEFINITIONS = (
					"DEBUG=1",
					"$(inherited)",
				);
				GCC_WARN_64_TO_32_BIT_CONVERSION = YES;
				GCC_WARN_ABOUT_RETURN_TYPE = YES_ERROR;
				GCC_WARN_UNDECLARED_SELECTOR = YES;
				GCC_WARN_UNINITIALIZED_AUTOS = YES_AGGRESSIVE;
				GCC_WARN_UNUSED_FUNCTION = YES;
				GCC_WARN_UNUSED_VARIABLE = YES;
				IPHONEOS_DEPLOYMENT_TARGET = 15.5;
				MTL_ENABLE_DEBUG_INFO = INCLUDE_SOURCE;
				MTL_FAST_MATH = YES;
				ONLY_ACTIVE_ARCH = YES;
				SDKROOT = iphoneos;
				SWIFT_ACTIVE_COMPILATION_CONDITIONS = DEBUG;
				SWIFT_OPTIMIZATION_LEVEL = "-Onone";
			};
			name = Debug;
		};
		3E6E4D082B90307E006D4CD2 /* Release */ = {
			isa = XCBuildConfiguration;
			buildSettings = {
				ALWAYS_SEARCH_USER_PATHS = NO;
				CLANG_ANALYZER_NONNULL = YES;
				CLANG_ANALYZER_NUMBER_OBJECT_CONVERSION = YES_AGGRESSIVE;
				CLANG_CXX_LANGUAGE_STANDARD = "gnu++17";
				CLANG_ENABLE_MODULES = YES;
				CLANG_ENABLE_OBJC_ARC = YES;
				CLANG_ENABLE_OBJC_WEAK = YES;
				CLANG_WARN_BLOCK_CAPTURE_AUTORELEASING = YES;
				CLANG_WARN_BOOL_CONVERSION = YES;
				CLANG_WARN_COMMA = YES;
				CLANG_WARN_CONSTANT_CONVERSION = YES;
				CLANG_WARN_DEPRECATED_OBJC_IMPLEMENTATIONS = YES;
				CLANG_WARN_DIRECT_OBJC_ISA_USAGE = YES_ERROR;
				CLANG_WARN_DOCUMENTATION_COMMENTS = YES;
				CLANG_WARN_EMPTY_BODY = YES;
				CLANG_WARN_ENUM_CONVERSION = YES;
				CLANG_WARN_INFINITE_RECURSION = YES;
				CLANG_WARN_INT_CONVERSION = YES;
				CLANG_WARN_NON_LITERAL_NULL_CONVERSION = YES;
				CLANG_WARN_OBJC_IMPLICIT_RETAIN_SELF = YES;
				CLANG_WARN_OBJC_LITERAL_CONVERSION = YES;
				CLANG_WARN_OBJC_ROOT_CLASS = YES_ERROR;
				CLANG_WARN_QUOTED_INCLUDE_IN_FRAMEWORK_HEADER = YES;
				CLANG_WARN_RANGE_LOOP_ANALYSIS = YES;
				CLANG_WARN_STRICT_PROTOTYPES = YES;
				CLANG_WARN_SUSPICIOUS_MOVE = YES;
				CLANG_WARN_UNGUARDED_AVAILABILITY = YES_AGGRESSIVE;
				CLANG_WARN_UNREACHABLE_CODE = YES;
				CLANG_WARN__DUPLICATE_METHOD_MATCH = YES;
				COPY_PHASE_STRIP = NO;
				DEBUG_INFORMATION_FORMAT = "dwarf-with-dsym";
				ENABLE_NS_ASSERTIONS = NO;
				ENABLE_STRICT_OBJC_MSGSEND = YES;
				GCC_C_LANGUAGE_STANDARD = gnu11;
				GCC_NO_COMMON_BLOCKS = YES;
				GCC_WARN_64_TO_32_BIT_CONVERSION = YES;
				GCC_WARN_ABOUT_RETURN_TYPE = YES_ERROR;
				GCC_WARN_UNDECLARED_SELECTOR = YES;
				GCC_WARN_UNINITIALIZED_AUTOS = YES_AGGRESSIVE;
				GCC_WARN_UNUSED_FUNCTION = YES;
				GCC_WARN_UNUSED_VARIABLE = YES;
				IPHONEOS_DEPLOYMENT_TARGET = 15.5;
				MTL_ENABLE_DEBUG_INFO = NO;
				MTL_FAST_MATH = YES;
				SDKROOT = iphoneos;
				SWIFT_COMPILATION_MODE = wholemodule;
				SWIFT_OPTIMIZATION_LEVEL = "-O";
				VALIDATE_PRODUCT = YES;
			};
			name = Release;
		};
		3E6E4D0A2B90307E006D4CD2 /* Debug */ = {
			isa = XCBuildConfiguration;
			buildSettings = {
				ASSETCATALOG_COMPILER_APPICON_NAME = AppIcon;
				ASSETCATALOG_COMPILER_GLOBAL_ACCENT_COLOR_NAME = AccentColor;
				CODE_SIGN_STYLE = Automatic;
				CURRENT_PROJECT_VERSION = 1;
				DEVELOPMENT_TEAM = U8M84SE4ND;
				GENERATE_INFOPLIST_FILE = YES;
				INFOPLIST_FILE = SimpleApp/Info.plist;
				INFOPLIST_KEY_UIApplicationSupportsIndirectInputEvents = YES;
				INFOPLIST_KEY_UILaunchStoryboardName = LaunchScreen;
				INFOPLIST_KEY_UIMainStoryboardFile = Main;
				INFOPLIST_KEY_UISupportedInterfaceOrientations_iPad = "UIInterfaceOrientationPortrait UIInterfaceOrientationPortraitUpsideDown UIInterfaceOrientationLandscapeLeft UIInterfaceOrientationLandscapeRight";
				INFOPLIST_KEY_UISupportedInterfaceOrientations_iPhone = "UIInterfaceOrientationPortrait UIInterfaceOrientationLandscapeLeft UIInterfaceOrientationLandscapeRight";
				LD_RUNPATH_SEARCH_PATHS = (
					"$(inherited)",
					"@executable_path/Frameworks",
				);
				MARKETING_VERSION = 1.0;
				PRODUCT_BUNDLE_IDENTIFIER = "Fabio-Quintanilha.SimpleApp";
				PRODUCT_NAME = "$(TARGET_NAME)";
				SWIFT_EMIT_LOC_STRINGS = YES;
				SWIFT_VERSION = 5.0;
				TARGETED_DEVICE_FAMILY = "1,2";
			};
			name = Debug;
		};
		3E6E4D0B2B90307E006D4CD2 /* Release */ = {
			isa = XCBuildConfiguration;
			buildSettings = {
				ASSETCATALOG_COMPILER_APPICON_NAME = AppIcon;
				ASSETCATALOG_COMPILER_GLOBAL_ACCENT_COLOR_NAME = AccentColor;
				CODE_SIGN_STYLE = Automatic;
				CURRENT_PROJECT_VERSION = 1;
				DEVELOPMENT_TEAM = U8M84SE4ND;
				GENERATE_INFOPLIST_FILE = YES;
				INFOPLIST_FILE = SimpleApp/Info.plist;
				INFOPLIST_KEY_UIApplicationSupportsIndirectInputEvents = YES;
				INFOPLIST_KEY_UILaunchStoryboardName = LaunchScreen;
				INFOPLIST_KEY_UIMainStoryboardFile = Main;
				INFOPLIST_KEY_UISupportedInterfaceOrientations_iPad = "UIInterfaceOrientationPortrait UIInterfaceOrientationPortraitUpsideDown UIInterfaceOrientationLandscapeLeft UIInterfaceOrientationLandscapeRight";
				INFOPLIST_KEY_UISupportedInterfaceOrientations_iPhone = "UIInterfaceOrientationPortrait UIInterfaceOrientationLandscapeLeft UIInterfaceOrientationLandscapeRight";
				LD_RUNPATH_SEARCH_PATHS = (
					"$(inherited)",
					"@executable_path/Frameworks",
				);
				MARKETING_VERSION = 1.0;
				PRODUCT_BUNDLE_IDENTIFIER = "Fabio-Quintanilha.SimpleApp";
				PRODUCT_NAME = "$(TARGET_NAME)";
				SWIFT_EMIT_LOC_STRINGS = YES;
				SWIFT_VERSION = 5.0;
				TARGETED_DEVICE_FAMILY = "1,2";
			};
			name = Release;
		};
		3E6E4D0D2B90307E006D4CD2 /* Debug */ = {
			isa = XCBuildConfiguration;
			buildSettings = {
				ALWAYS_EMBED_SWIFT_STANDARD_LIBRARIES = YES;
				BUNDLE_LOADER = "$(TEST_HOST)";
				CODE_SIGN_STYLE = Automatic;
				CURRENT_PROJECT_VERSION = 1;
				DEVELOPMENT_TEAM = U8M84SE4ND;
				GENERATE_INFOPLIST_FILE = YES;
				IPHONEOS_DEPLOYMENT_TARGET = 15.5;
				MARKETING_VERSION = 1.0;
				PRODUCT_BUNDLE_IDENTIFIER = "Fabio-Quintanilha.SimpleAppTests";
				PRODUCT_NAME = "$(TARGET_NAME)";
				SWIFT_EMIT_LOC_STRINGS = NO;
				SWIFT_VERSION = 5.0;
				TARGETED_DEVICE_FAMILY = "1,2";
				TEST_HOST = "$(BUILT_PRODUCTS_DIR)/SimpleApp.app/SimpleApp";
			};
			name = Debug;
		};
		3E6E4D0E2B90307E006D4CD2 /* Release */ = {
			isa = XCBuildConfiguration;
			buildSettings = {
				ALWAYS_EMBED_SWIFT_STANDARD_LIBRARIES = YES;
				BUNDLE_LOADER = "$(TEST_HOST)";
				CODE_SIGN_STYLE = Automatic;
				CURRENT_PROJECT_VERSION = 1;
				DEVELOPMENT_TEAM = U8M84SE4ND;
				GENERATE_INFOPLIST_FILE = YES;
				IPHONEOS_DEPLOYMENT_TARGET = 15.5;
				MARKETING_VERSION = 1.0;
				PRODUCT_BUNDLE_IDENTIFIER = "Fabio-Quintanilha.SimpleAppTests";
				PRODUCT_NAME = "$(TARGET_NAME)";
				SWIFT_EMIT_LOC_STRINGS = NO;
				SWIFT_VERSION = 5.0;
				TARGETED_DEVICE_FAMILY = "1,2";
				TEST_HOST = "$(BUILT_PRODUCTS_DIR)/SimpleApp.app/SimpleApp";
			};
			name = Release;
		};
		3E6E4D102B90307E006D4CD2 /* Debug */ = {
			isa = XCBuildConfiguration;
			buildSettings = {
				ALWAYS_EMBED_SWIFT_STANDARD_LIBRARIES = YES;
				CODE_SIGN_STYLE = Automatic;
				CURRENT_PROJECT_VERSION = 1;
				DEVELOPMENT_TEAM = U8M84SE4ND;
				GENERATE_INFOPLIST_FILE = YES;
				MARKETING_VERSION = 1.0;
				PRODUCT_BUNDLE_IDENTIFIER = "Fabio-Quintanilha.SimpleAppUITests";
				PRODUCT_NAME = "$(TARGET_NAME)";
				SWIFT_EMIT_LOC_STRINGS = NO;
				SWIFT_VERSION = 5.0;
				TARGETED_DEVICE_FAMILY = "1,2";
				TEST_TARGET_NAME = SimpleApp;
			};
			name = Debug;
		};
		3E6E4D112B90307E006D4CD2 /* Release */ = {
			isa = XCBuildConfiguration;
			buildSettings = {
				ALWAYS_EMBED_SWIFT_STANDARD_LIBRARIES = YES;
				CODE_SIGN_STYLE = Automatic;
				CURRENT_PROJECT_VERSION = 1;
				DEVELOPMENT_TEAM = U8M84SE4ND;
				GENERATE_INFOPLIST_FILE = YES;
				MARKETING_VERSION = 1.0;
				PRODUCT_BUNDLE_IDENTIFIER = "Fabio-Quintanilha.SimpleAppUITests";
				PRODUCT_NAME = "$(TARGET_NAME)";
				SWIFT_EMIT_LOC_STRINGS = NO;
				SWIFT_VERSION = 5.0;
				TARGETED_DEVICE_FAMILY = "1,2";
				TEST_TARGET_NAME = SimpleApp;
			};
			name = Release;
		};
/* End XCBuildConfiguration section */

/* Begin XCConfigurationList section */
		3E6E4CDA2B90307A006D4CD2 /* Build configuration list for PBXProject "SimpleApp" */ = {
			isa = XCConfigurationList;
			buildConfigurations = (
				3E6E4D072B90307E006D4CD2 /* Debug */,
				3E6E4D082B90307E006D4CD2 /* Release */,
			);
			defaultConfigurationIsVisible = 0;
			defaultConfigurationName = Release;
		};
		3E6E4D092B90307E006D4CD2 /* Build configuration list for PBXNativeTarget "SimpleApp" */ = {
			isa = XCConfigurationList;
			buildConfigurations = (
				3E6E4D0A2B90307E006D4CD2 /* Debug */,
				3E6E4D0B2B90307E006D4CD2 /* Release */,
			);
			defaultConfigurationIsVisible = 0;
			defaultConfigurationName = Release;
		};
		3E6E4D0C2B90307E006D4CD2 /* Build configuration list for PBXNativeTarget "SimpleAppTests" */ = {
			isa = XCConfigurationList;
			buildConfigurations = (
				3E6E4D0D2B90307E006D4CD2 /* Debug */,
				3E6E4D0E2B90307E006D4CD2 /* Release */,
			);
			defaultConfigurationIsVisible = 0;
			defaultConfigurationName = Release;
		};
		3E6E4D0F2B90307E006D4CD2 /* Build configuration list for PBXNativeTarget "SimpleAppUITests" */ = {
			isa = XCConfigurationList;
			buildConfigurations = (
				3E6E4D102B90307E006D4CD2 /* Debug */,
				3E6E4D112B90307E006D4CD2 /* Release */,
			);
			defaultConfigurationIsVisible = 0;
			defaultConfigurationName = Release;
		};
/* End XCConfigurationList section */
	};
	rootObject = 3E6E4CD72B90307A006D4CD2 /* Project object */;
}
